
Microsoft Visual Studio Solution File, Format Version 12.00
# Visual Studio 15
VisualStudioVersion = 15.0.28010.2048
MinimumVisualStudioVersion = 10.0.40219.1
Project("{FAE04EC0-301F-11D3-BF4B-00C04F79EFBC}") = "2.CircleArea", "2.CircleArea\2.CircleArea.csproj", "{261E5746-6C0B-42C5-A3D0-13AB5AB125EB}"
EndProject
Global
	GlobalSection(SolutionConfigurationPlatforms) = preSolution
		Debug|Any CPU = Debug|Any CPU
		Release|Any CPU = Release|Any CPU
	EndGlobalSection
	GlobalSection(ProjectConfigurationPlatforms) = postSolution
		{261E5746-6C0B-42C5-A3D0-13AB5AB125EB}.Debug|Any CPU.ActiveCfg = Debug|Any CPU
		{261E5746-6C0B-42C5-A3D0-13AB5AB125EB}.Debug|Any CPU.Build.0 = Debug|Any CPU
		{261E5746-6C0B-42C5-A3D0-13AB5AB125EB}.Release|Any CPU.ActiveCfg = Release|Any CPU
		{261E5746-6C0B-42C5-A3D0-13AB5AB125EB}.Release|Any CPU.Build.0 = Release|Any CPU
	EndGlobalSection
	GlobalSection(SolutionProperties) = preSolution
		HideSolutionNode = FALSE
	EndGlobalSection
	GlobalSection(ExtensibilityGlobals) = postSolution
		SolutionGuid = {B48908D0-F505-48BE-9AE9-E2576A91EABE}
	EndGlobalSection
EndGlobal
